
Microsoft Visual Studio Solution File, Format Version 12.00
Project("{FAE04EC0-301F-11D3-BF4B-00C04F79EFBC}") = "ConsoleApp1", "ConsoleApp1\ConsoleApp1.csproj", "{9B64FD98-16AB-41AB-BBC5-F65309BD4448}"
EndProject
Global
	GlobalSection(SolutionConfigurationPlatforms) = preSolution
		Debug|Any CPU = Debug|Any CPU
		Release|Any CPU = Release|Any CPU
	EndGlobalSection
	GlobalSection(ProjectConfigurationPlatforms) = postSolution
		{9B64FD98-16AB-41AB-BBC5-F65309BD4448}.Debug|Any CPU.ActiveCfg = Debug|Any CPU
		{9B64FD98-16AB-41AB-BBC5-F65309BD4448}.Debug|Any CPU.Build.0 = Debug|Any CPU
		{9B64FD98-16AB-41AB-BBC5-F65309BD4448}.Release|Any CPU.ActiveCfg = Release|Any CPU
		{9B64FD98-16AB-41AB-BBC5-F65309BD4448}.Release|Any CPU.Build.0 = Release|Any CPU
	EndGlobalSection
EndGlobal
